
Microsoft Visual Studio Solution File, Format Version 12.00
# Visual Studio Version 17
VisualStudioVersion = 17.0.31912.275
MinimumVisualStudioVersion = 10.0.40219.1
Project("{FAE04EC0-301F-11D3-BF4B-00C04F79EFBC}") = "FrameworkOne.Web", "FrameworkOne.Web\FrameworkOne.Web.csproj", "{759FA073-D1C6-4896-AC5D-4DD5981060E6}"
EndProject
Global
	GlobalSection(SolutionConfigurationPlatforms) = preSolution
		Debug|Any CPU = Debug|Any CPU
		Release|Any CPU = Release|Any CPU
	EndGlobalSection
	GlobalSection(ProjectConfigurationPlatforms) = postSolution
		{759FA073-D1C6-4896-AC5D-4DD5981060E6}.Debug|Any CPU.ActiveCfg = Debug|Any CPU
		{759FA073-D1C6-4896-AC5D-4DD5981060E6}.Debug|Any CPU.Build.0 = Debug|Any CPU
		{759FA073-D1C6-4896-AC5D-4DD5981060E6}.Release|Any CPU.ActiveCfg = Release|Any CPU
		{759FA073-D1C6-4896-AC5D-4DD5981060E6}.Release|Any CPU.Build.0 = Release|Any CPU
	EndGlobalSection
	GlobalSection(SolutionProperties) = preSolution
		HideSolutionNode = FALSE
	EndGlobalSection
	GlobalSection(ExtensibilityGlobals) = postSolution
		SolutionGuid = {CC856425-55C6-4AA7-8AC1-D37231894F7F}
	EndGlobalSection
EndGlobal
